// !$*UTF8*$!
{
	archiveVersion = 1;
	classes = {
	};
	objectVersion = 50;
	objects = {

/* Begin PBXBuildFile section */
		247008D523B05EC10089CEFD /* Tea.m in Sources */ = {isa = PBXBuildFile; fileRef = 247008D423B05EC10089CEFD /* Tea.m */; };
		247008D823B05F140089CEFD /* BlackTea.m in Sources */ = {isa = PBXBuildFile; fileRef = 247008D723B05F140089CEFD /* BlackTea.m */; };
		247008DB23B064510089CEFD /* WebImage.m in Sources */ = {isa = PBXBuildFile; fileRef = 247008DA23B064510089CEFD /* WebImage.m */; };
		247008E023B067410089CEFD /* Customer.m in Sources */ = {isa = PBXBuildFile; fileRef = 247008DF23B067410089CEFD /* Customer.m */; };
		247008E323B067500089CEFD /* Waiter.m in Sources */ = {isa = PBXBuildFile; fileRef = 247008E223B067500089CEFD /* Waiter.m */; };
		247008E623B0675C0089CEFD /* Chef.m in Sources */ = {isa = PBXBuildFile; fileRef = 247008E523B0675C0089CEFD /* Chef.m */; };
		247008EF23B08E800089CEFD /* MusicService.m in Sources */ = {isa = PBXBuildFile; fileRef = 247008ED23B08E800089CEFD /* MusicService.m */; };
		247008F223B08F000089CEFD /* FreeMusicService.m in Sources */ = {isa = PBXBuildFile; fileRef = 247008F123B08F000089CEFD /* FreeMusicService.m */; };
		247008F523B08F110089CEFD /* VipMusicService.m in Sources */ = {isa = PBXBuildFile; fileRef = 247008F423B08F110089CEFD /* VipMusicService.m */; };
		96DAD51623AFAD740019E44E /* AppDelegate.m in Sources */ = {isa = PBXBuildFile; fileRef = 96DAD51523AFAD740019E44E /* AppDelegate.m */; };
		96DAD51C23AFAD740019E44E /* ViewController.m in Sources */ = {isa = PBXBuildFile; fileRef = 96DAD51B23AFAD740019E44E /* ViewController.m */; };
		96DAD51F23AFAD740019E44E /* Main.storyboard in Resources */ = {isa = PBXBuildFile; fileRef = 96DAD51D23AFAD740019E44E /* Main.storyboard */; };
		96DAD52123AFAD760019E44E /* Assets.xcassets in Resources */ = {isa = PBXBuildFile; fileRef = 96DAD52023AFAD760019E44E /* Assets.xcassets */; };
		96DAD52423AFAD760019E44E /* LaunchScreen.storyboard in Resources */ = {isa = PBXBuildFile; fileRef = 96DAD52223AFAD760019E44E /* LaunchScreen.storyboard */; };
		96DAD52723AFAD760019E44E /* main.m in Sources */ = {isa = PBXBuildFile; fileRef = 96DAD52623AFAD760019E44E /* main.m */; };
		96DAD53023AFADC50019E44E /* Cola.m in Sources */ = {isa = PBXBuildFile; fileRef = 96DAD52F23AFADC50019E44E /* Cola.m */; };
		96DAD53A23AFAE490019E44E /* SimpleFactory.m in Sources */ = {isa = PBXBuildFile; fileRef = 96DAD53923AFAE490019E44E /* SimpleFactory.m */; };
		96DAD54023AFB20E0019E44E /* CocaCola.m in Sources */ = {isa = PBXBuildFile; fileRef = 96DAD53F23AFB20E0019E44E /* CocaCola.m */; };
		96DAD54323AFB2360019E44E /* PesiCola.m in Sources */ = {isa = PBXBuildFile; fileRef = 96DAD54223AFB2360019E44E /* PesiCola.m */; };
		96DAD54723AFB5830019E44E /* Factory.m in Sources */ = {isa = PBXBuildFile; fileRef = 96DAD54623AFB5830019E44E /* Factory.m */; };
		96DAD54A23AFB5E20019E44E /* CocaFactory.m in Sources */ = {isa = PBXBuildFile; fileRef = 96DAD54923AFB5E20019E44E /* CocaFactory.m */; };
		96DAD54D23AFB6440019E44E /* PesiFactory.m in Sources */ = {isa = PBXBuildFile; fileRef = 96DAD54C23AFB6440019E44E /* PesiFactory.m */; };
		96DAD55123AFB97D0019E44E /* AbstractFactory.m in Sources */ = {isa = PBXBuildFile; fileRef = 96DAD55023AFB97D0019E44E /* AbstractFactory.m */; };
		96DAD55423AFB98C0019E44E /* Bottle.m in Sources */ = {isa = PBXBuildFile; fileRef = 96DAD55323AFB98C0019E44E /* Bottle.m */; };
		96DAD55723AFB99F0019E44E /* CocaBottle.m in Sources */ = {isa = PBXBuildFile; fileRef = 96DAD55623AFB99F0019E44E /* CocaBottle.m */; };
		96DAD55A23AFB9AD0019E44E /* PesiBottle.m in Sources */ = {isa = PBXBuildFile; fileRef = 96DAD55923AFB9AD0019E44E /* PesiBottle.m */; };
		96DAD55D23AFBA390019E44E /* CocaAbstractFactory.m in Sources */ = {isa = PBXBuildFile; fileRef = 96DAD55C23AFBA390019E44E /* CocaAbstractFactory.m */; };
		96DAD56023AFBA8F0019E44E /* PesiAbstactFactory.m in Sources */ = {isa = PBXBuildFile; fileRef = 96DAD55F23AFBA8F0019E44E /* PesiAbstactFactory.m */; };
		96DAD56523AFBD300019E44E /* Singleton.m in Sources */ = {isa = PBXBuildFile; fileRef = 96DAD56423AFBD300019E44E /* Singleton.m */; };
		96DAD56923AFC27F0019E44E /* Builder.m in Sources */ = {isa = PBXBuildFile; fileRef = 96DAD56823AFC27F0019E44E /* Builder.m */; };
		96DAD56D23AFC74F0019E44E /* Student.m in Sources */ = {isa = PBXBuildFile; fileRef = 96DAD56C23AFC74F0019E44E /* Student.m */; };
/* End PBXBuildFile section */

/* Begin PBXFileReference section */
		247008D323B05EC10089CEFD /* Tea.h */ = {isa = PBXFileReference; lastKnownFileType = sourcecode.c.h; path = Tea.h; sourceTree = "<group>"; };
		247008D423B05EC10089CEFD /* Tea.m */ = {isa = PBXFileReference; lastKnownFileType = sourcecode.c.objc; path = Tea.m; sourceTree = "<group>"; };
		247008D623B05F140089CEFD /* BlackTea.h */ = {isa = PBXFileReference; lastKnownFileType = sourcecode.c.h; path = BlackTea.h; sourceTree = "<group>"; };
		247008D723B05F140089CEFD /* BlackTea.m */ = {isa = PBXFileReference; lastKnownFileType = sourcecode.c.objc; path = BlackTea.m; sourceTree = "<group>"; };
		247008D923B064510089CEFD /* WebImage.h */ = {isa = PBXFileReference; lastKnownFileType = sourcecode.c.h; path = WebImage.h; sourceTree = "<group>"; };
		247008DA23B064510089CEFD /* WebImage.m */ = {isa = PBXFileReference; lastKnownFileType = sourcecode.c.objc; path = WebImage.m; sourceTree = "<group>"; };
		247008DE23B067410089CEFD /* Customer.h */ = {isa = PBXFileReference; lastKnownFileType = sourcecode.c.h; path = Customer.h; sourceTree = "<group>"; };
		247008DF23B067410089CEFD /* Customer.m */ = {isa = PBXFileReference; lastKnownFileType = sourcecode.c.objc; path = Customer.m; sourceTree = "<group>"; };
		247008E123B067500089CEFD /* Waiter.h */ = {isa = PBXFileReference; lastKnownFileType = sourcecode.c.h; path = Waiter.h; sourceTree = "<group>"; };
		247008E223B067500089CEFD /* Waiter.m */ = {isa = PBXFileReference; lastKnownFileType = sourcecode.c.objc; path = Waiter.m; sourceTree = "<group>"; };
		247008E423B0675C0089CEFD /* Chef.h */ = {isa = PBXFileReference; lastKnownFileType = sourcecode.c.h; path = Chef.h; sourceTree = "<group>"; };
		247008E523B0675C0089CEFD /* Chef.m */ = {isa = PBXFileReference; lastKnownFileType = sourcecode.c.objc; path = Chef.m; sourceTree = "<group>"; };
		247008ED23B08E800089CEFD /* MusicService.m */ = {isa = PBXFileReference; fileEncoding = 4; lastKnownFileType = sourcecode.c.objc; path = MusicService.m; sourceTree = "<group>"; };
		247008EE23B08E800089CEFD /* MusicService.h */ = {isa = PBXFileReference; fileEncoding = 4; lastKnownFileType = sourcecode.c.h; path = MusicService.h; sourceTree = "<group>"; };
		247008F023B08F000089CEFD /* FreeMusicService.h */ = {isa = PBXFileReference; lastKnownFileType = sourcecode.c.h; path = FreeMusicService.h; sourceTree = "<group>"; };
		247008F123B08F000089CEFD /* FreeMusicService.m */ = {isa = PBXFileReference; lastKnownFileType = sourcecode.c.objc; path = FreeMusicService.m; sourceTree = "<group>"; };
		247008F323B08F110089CEFD /* VipMusicService.h */ = {isa = PBXFileReference; lastKnownFileType = sourcecode.c.h; path = VipMusicService.h; sourceTree = "<group>"; };
		247008F423B08F110089CEFD /* VipMusicService.m */ = {isa = PBXFileReference; lastKnownFileType = sourcecode.c.objc; path = VipMusicService.m; sourceTree = "<group>"; };
		96DAD51123AFAD740019E44E /* DesignPatern.app */ = {isa = PBXFileReference; explicitFileType = wrapper.application; includeInIndex = 0; path = DesignPatern.app; sourceTree = BUILT_PRODUCTS_DIR; };
		96DAD51423AFAD740019E44E /* AppDelegate.h */ = {isa = PBXFileReference; lastKnownFileType = sourcecode.c.h; path = AppDelegate.h; sourceTree = "<group>"; };
		96DAD51523AFAD740019E44E /* AppDelegate.m */ = {isa = PBXFileReference; lastKnownFileType = sourcecode.c.objc; path = AppDelegate.m; sourceTree = "<group>"; };
		96DAD51A23AFAD740019E44E /* ViewController.h */ = {isa = PBXFileReference; lastKnownFileType = sourcecode.c.h; path = ViewController.h; sourceTree = "<group>"; };
		96DAD51B23AFAD740019E44E /* ViewController.m */ = {isa = PBXFileReference; lastKnownFileType = sourcecode.c.objc; path = ViewController.m; sourceTree = "<group>"; };
		96DAD51E23AFAD740019E44E /* Base */ = {isa = PBXFileReference; lastKnownFileType = file.storyboard; name = Base; path = Base.lproj/Main.storyboard; sourceTree = "<group>"; };
		96DAD52023AFAD760019E44E /* Assets.xcassets */ = {isa = PBXFileReference; lastKnownFileType = folder.assetcatalog; path = Assets.xcassets; sourceTree = "<group>"; };
		96DAD52323AFAD760019E44E /* Base */ = {isa = PBXFileReference; lastKnownFileType = file.storyboard; name = Base; path = Base.lproj/LaunchScreen.storyboard; sourceTree = "<group>"; };
		96DAD52523AFAD760019E44E /* Info.plist */ = {isa = PBXFileReference; lastKnownFileType = text.plist.xml; path = Info.plist; sourceTree = "<group>"; };
		96DAD52623AFAD760019E44E /* main.m */ = {isa = PBXFileReference; lastKnownFileType = sourcecode.c.objc; path = main.m; sourceTree = "<group>"; };
		96DAD52E23AFADC50019E44E /* Cola.h */ = {isa = PBXFileReference; lastKnownFileType = sourcecode.c.h; path = Cola.h; sourceTree = "<group>"; };
		96DAD52F23AFADC50019E44E /* Cola.m */ = {isa = PBXFileReference; lastKnownFileType = sourcecode.c.objc; path = Cola.m; sourceTree = "<group>"; };
		96DAD53823AFAE490019E44E /* SimpleFactory.h */ = {isa = PBXFileReference; lastKnownFileType = sourcecode.c.h; path = SimpleFactory.h; sourceTree = "<group>"; };
		96DAD53923AFAE490019E44E /* SimpleFactory.m */ = {isa = PBXFileReference; lastKnownFileType = sourcecode.c.objc; path = SimpleFactory.m; sourceTree = "<group>"; };
		96DAD53E23AFB20E0019E44E /* CocaCola.h */ = {isa = PBXFileReference; lastKnownFileType = sourcecode.c.h; path = CocaCola.h; sourceTree = "<group>"; };
		96DAD53F23AFB20E0019E44E /* CocaCola.m */ = {isa = PBXFileReference; lastKnownFileType = sourcecode.c.objc; path = CocaCola.m; sourceTree = "<group>"; };
		96DAD54123AFB2360019E44E /* PesiCola.h */ = {isa = PBXFileReference; lastKnownFileType = sourcecode.c.h; path = PesiCola.h; sourceTree = "<group>"; };
		96DAD54223AFB2360019E44E /* PesiCola.m */ = {isa = PBXFileReference; lastKnownFileType = sourcecode.c.objc; path = PesiCola.m; sourceTree = "<group>"; };
		96DAD54523AFB5830019E44E /* Factory.h */ = {isa = PBXFileReference; lastKnownFileType = sourcecode.c.h; path = Factory.h; sourceTree = "<group>"; };
		96DAD54623AFB5830019E44E /* Factory.m */ = {isa = PBXFileReference; lastKnownFileType = sourcecode.c.objc; path = Factory.m; sourceTree = "<group>"; };
		96DAD54823AFB5E20019E44E /* CocaFactory.h */ = {isa = PBXFileReference; lastKnownFileType = sourcecode.c.h; path = CocaFactory.h; sourceTree = "<group>"; };
		96DAD54923AFB5E20019E44E /* CocaFactory.m */ = {isa = PBXFileReference; lastKnownFileType = sourcecode.c.objc; path = CocaFactory.m; sourceTree = "<group>"; };
		96DAD54B23AFB6440019E44E /* PesiFactory.h */ = {isa = PBXFileReference; lastKnownFileType = sourcecode.c.h; path = PesiFactory.h; sourceTree = "<group>"; };
		96DAD54C23AFB6440019E44E /* PesiFactory.m */ = {isa = PBXFileReference; lastKnownFileType = sourcecode.c.objc; path = PesiFactory.m; sourceTree = "<group>"; };
		96DAD54F23AFB97D0019E44E /* AbstractFactory.h */ = {isa = PBXFileReference; lastKnownFileType = sourcecode.c.h; path = AbstractFactory.h; sourceTree = "<group>"; };
		96DAD55023AFB97D0019E44E /* AbstractFactory.m */ = {isa = PBXFileReference; lastKnownFileType = sourcecode.c.objc; path = AbstractFactory.m; sourceTree = "<group>"; };
		96DAD55223AFB98C0019E44E /* Bottle.h */ = {isa = PBXFileReference; lastKnownFileType = sourcecode.c.h; path = Bottle.h; sourceTree = "<group>"; };
		96DAD55323AFB98C0019E44E /* Bottle.m */ = {isa = PBXFileReference; lastKnownFileType = sourcecode.c.objc; path = Bottle.m; sourceTree = "<group>"; };
		96DAD55523AFB99F0019E44E /* CocaBottle.h */ = {isa = PBXFileReference; lastKnownFileType = sourcecode.c.h; path = CocaBottle.h; sourceTree = "<group>"; };
		96DAD55623AFB99F0019E44E /* CocaBottle.m */ = {isa = PBXFileReference; lastKnownFileType = sourcecode.c.objc; path = CocaBottle.m; sourceTree = "<group>"; };
		96DAD55823AFB9AD0019E44E /* PesiBottle.h */ = {isa = PBXFileReference; lastKnownFileType = sourcecode.c.h; path = PesiBottle.h; sourceTree = "<group>"; };
		96DAD55923AFB9AD0019E44E /* PesiBottle.m */ = {isa = PBXFileReference; lastKnownFileType = sourcecode.c.objc; path = PesiBottle.m; sourceTree = "<group>"; };
		96DAD55B23AFBA390019E44E /* CocaAbstractFactory.h */ = {isa = PBXFileReference; lastKnownFileType = sourcecode.c.h; path = CocaAbstractFactory.h; sourceTree = "<group>"; };
		96DAD55C23AFBA390019E44E /* CocaAbstractFactory.m */ = {isa = PBXFileReference; lastKnownFileType = sourcecode.c.objc; path = CocaAbstractFactory.m; sourceTree = "<group>"; };
		96DAD55E23AFBA8F0019E44E /* PesiAbstactFactory.h */ = {isa = PBXFileReference; lastKnownFileType = sourcecode.c.h; path = PesiAbstactFactory.h; sourceTree = "<group>"; };
		96DAD55F23AFBA8F0019E44E /* PesiAbstactFactory.m */ = {isa = PBXFileReference; lastKnownFileType = sourcecode.c.objc; path = PesiAbstactFactory.m; sourceTree = "<group>"; };
		96DAD56323AFBD300019E44E /* Singleton.h */ = {isa = PBXFileReference; lastKnownFileType = sourcecode.c.h; path = Singleton.h; sourceTree = "<group>"; };
		96DAD56423AFBD300019E44E /* Singleton.m */ = {isa = PBXFileReference; lastKnownFileType = sourcecode.c.objc; path = Singleton.m; sourceTree = "<group>"; };
		96DAD56723AFC27F0019E44E /* Builder.h */ = {isa = PBXFileReference; lastKnownFileType = sourcecode.c.h; path = Builder.h; sourceTree = "<group>"; };
		96DAD56823AFC27F0019E44E /* Builder.m */ = {isa = PBXFileReference; lastKnownFileType = sourcecode.c.objc; path = Builder.m; sourceTree = "<group>"; };
		96DAD56B23AFC74F0019E44E /* Student.h */ = {isa = PBXFileReference; lastKnownFileType = sourcecode.c.h; path = Student.h; sourceTree = "<group>"; };
		96DAD56C23AFC74F0019E44E /* Student.m */ = {isa = PBXFileReference; lastKnownFileType = sourcecode.c.objc; path = Student.m; sourceTree = "<group>"; };
/* End PBXFileReference section */

/* Begin PBXFrameworksBuildPhase section */
		96DAD50E23AFAD740019E44E /* Frameworks */ = {
			isa = PBXFrameworksBuildPhase;
			buildActionMask = 2147483647;
			files = (
			);
			runOnlyForDeploymentPostprocessing = 0;
		};
/* End PBXFrameworksBuildPhase section */

/* Begin PBXGroup section */
		247008D123B05E7E0089CEFD /* 结构型 */ = {
			isa = PBXGroup;
			children = (
				247008EC23B08E800089CEFD /* 享元模式 */,
				247008DD23B0671B0089CEFD /* 代理模式 */,
				247008DC23B064590089CEFD /* 外观模式 */,
				247008D223B05E900089CEFD /* 装饰模式 */,
			);
			path = "结构型";
			sourceTree = "<group>";
		};
		247008D223B05E900089CEFD /* 装饰模式 */ = {
			isa = PBXGroup;
			children = (
				247008D323B05EC10089CEFD /* Tea.h */,
				247008D423B05EC10089CEFD /* Tea.m */,
				247008D623B05F140089CEFD /* BlackTea.h */,
				247008D723B05F140089CEFD /* BlackTea.m */,
			);
			path = "装饰模式";
			sourceTree = "<group>";
		};
		247008DC23B064590089CEFD /* 外观模式 */ = {
			isa = PBXGroup;
			children = (
				247008D923B064510089CEFD /* WebImage.h */,
				247008DA23B064510089CEFD /* WebImage.m */,
			);
			path = "外观模式";
			sourceTree = "<group>";
		};
		247008DD23B0671B0089CEFD /* 代理模式 */ = {
			isa = PBXGroup;
			children = (
				247008DE23B067410089CEFD /* Customer.h */,
				247008DF23B067410089CEFD /* Customer.m */,
				247008E123B067500089CEFD /* Waiter.h */,
				247008E223B067500089CEFD /* Waiter.m */,
				247008E423B0675C0089CEFD /* Chef.h */,
				247008E523B0675C0089CEFD /* Chef.m */,
			);
			path = "代理模式";
			sourceTree = "<group>";
		};
		247008EC23B08E800089CEFD /* 享元模式 */ = {
			isa = PBXGroup;
			children = (
				247008EE23B08E800089CEFD /* MusicService.h */,
				247008ED23B08E800089CEFD /* MusicService.m */,
				247008F023B08F000089CEFD /* FreeMusicService.h */,
				247008F123B08F000089CEFD /* FreeMusicService.m */,
				247008F323B08F110089CEFD /* VipMusicService.h */,
				247008F423B08F110089CEFD /* VipMusicService.m */,
			);
			name = "享元模式";
			path = "DesignPatern/DesigPatern/结构型/享元模式";
			sourceTree = SOURCE_ROOT;
		};
		96DAD50823AFAD740019E44E = {
			isa = PBXGroup;
			children = (
				96DAD51323AFAD740019E44E /* DesignPatern */,
				96DAD51223AFAD740019E44E /* Products */,
			);
			sourceTree = "<group>";
		};
		96DAD51223AFAD740019E44E /* Products */ = {
			isa = PBXGroup;
			children = (
				96DAD51123AFAD740019E44E /* DesignPatern.app */,
			);
			name = Products;
			sourceTree = "<group>";
		};
		96DAD51323AFAD740019E44E /* DesignPatern */ = {
			isa = PBXGroup;
			children = (
				96DAD52D23AFADA40019E44E /* DesigPatern */,
				96DAD51423AFAD740019E44E /* AppDelegate.h */,
				96DAD51523AFAD740019E44E /* AppDelegate.m */,
				96DAD51A23AFAD740019E44E /* ViewController.h */,
				96DAD51B23AFAD740019E44E /* ViewController.m */,
				96DAD51D23AFAD740019E44E /* Main.storyboard */,
				96DAD52023AFAD760019E44E /* Assets.xcassets */,
				96DAD52223AFAD760019E44E /* LaunchScreen.storyboard */,
				96DAD52523AFAD760019E44E /* Info.plist */,
				96DAD52623AFAD760019E44E /* main.m */,
			);
			path = DesignPatern;
			sourceTree = "<group>";
		};
		96DAD52D23AFADA40019E44E /* DesigPatern */ = {
			isa = PBXGroup;
			children = (
				247008D123B05E7E0089CEFD /* 结构型 */,
				96DAD56123AFBC400019E44E /* 创建型 */,
			);
			path = DesigPatern;
			sourceTree = "<group>";
		};
		96DAD53123AFADDA0019E44E /* 简单工厂模式 */ = {
			isa = PBXGroup;
			children = (
				96DAD52E23AFADC50019E44E /* Cola.h */,
				96DAD52F23AFADC50019E44E /* Cola.m */,
				96DAD53E23AFB20E0019E44E /* CocaCola.h */,
				96DAD53F23AFB20E0019E44E /* CocaCola.m */,
				96DAD54123AFB2360019E44E /* PesiCola.h */,
				96DAD54223AFB2360019E44E /* PesiCola.m */,
				96DAD53823AFAE490019E44E /* SimpleFactory.h */,
				96DAD53923AFAE490019E44E /* SimpleFactory.m */,
			);
			path = "简单工厂模式";
			sourceTree = "<group>";
		};
		96DAD54423AFB54E0019E44E /* 工厂模式 */ = {
			isa = PBXGroup;
			children = (
				96DAD54523AFB5830019E44E /* Factory.h */,
				96DAD54623AFB5830019E44E /* Factory.m */,
				96DAD54823AFB5E20019E44E /* CocaFactory.h */,
				96DAD54923AFB5E20019E44E /* CocaFactory.m */,
				96DAD54B23AFB6440019E44E /* PesiFactory.h */,
				96DAD54C23AFB6440019E44E /* PesiFactory.m */,
			);
			path = "工厂模式";
			sourceTree = "<group>";
		};
		96DAD54E23AFB9550019E44E /* 抽象工厂模式 */ = {
			isa = PBXGroup;
			children = (
				96DAD54F23AFB97D0019E44E /* AbstractFactory.h */,
				96DAD55023AFB97D0019E44E /* AbstractFactory.m */,
				96DAD55B23AFBA390019E44E /* CocaAbstractFactory.h */,
				96DAD55C23AFBA390019E44E /* CocaAbstractFactory.m */,
				96DAD55E23AFBA8F0019E44E /* PesiAbstactFactory.h */,
				96DAD55F23AFBA8F0019E44E /* PesiAbstactFactory.m */,
				96DAD55223AFB98C0019E44E /* Bottle.h */,
				96DAD55323AFB98C0019E44E /* Bottle.m */,
				96DAD55523AFB99F0019E44E /* CocaBottle.h */,
				96DAD55623AFB99F0019E44E /* CocaBottle.m */,
				96DAD55823AFB9AD0019E44E /* PesiBottle.h */,
				96DAD55923AFB9AD0019E44E /* PesiBottle.m */,
			);
			path = "抽象工厂模式";
			sourceTree = "<group>";
		};
		96DAD56123AFBC400019E44E /* 创建型 */ = {
			isa = PBXGroup;
			children = (
				96DAD56A23AFC73D0019E44E /* 原型模式 */,
				96DAD56623AFC2640019E44E /* 生成器模式 */,
				96DAD56223AFBD1B0019E44E /* 单例模式 */,
				96DAD54E23AFB9550019E44E /* 抽象工厂模式 */,
				96DAD54423AFB54E0019E44E /* 工厂模式 */,
				96DAD53123AFADDA0019E44E /* 简单工厂模式 */,
			);
			path = "创建型";
			sourceTree = "<group>";
		};
		96DAD56223AFBD1B0019E44E /* 单例模式 */ = {
			isa = PBXGroup;
			children = (
				96DAD56323AFBD300019E44E /* Singleton.h */,
				96DAD56423AFBD300019E44E /* Singleton.m */,
			);
			path = "单例模式";
			sourceTree = "<group>";
		};
		96DAD56623AFC2640019E44E /* 生成器模式 */ = {
			isa = PBXGroup;
			children = (
				96DAD56723AFC27F0019E44E /* Builder.h */,
				96DAD56823AFC27F0019E44E /* Builder.m */,
			);
			path = "生成器模式";
			sourceTree = "<group>";
		};
		96DAD56A23AFC73D0019E44E /* 原型模式 */ = {
			isa = PBXGroup;
			children = (
				96DAD56B23AFC74F0019E44E /* Student.h */,
				96DAD56C23AFC74F0019E44E /* Student.m */,
			);
			path = "原型模式";
			sourceTree = "<group>";
		};
/* End PBXGroup section */

/* Begin PBXNativeTarget section */
		96DAD51023AFAD740019E44E /* DesignPatern */ = {
			isa = PBXNativeTarget;
			buildConfigurationList = 96DAD52A23AFAD760019E44E /* Build configuration list for PBXNativeTarget "DesignPatern" */;
			buildPhases = (
				96DAD50D23AFAD740019E44E /* Sources */,
				96DAD50E23AFAD740019E44E /* Frameworks */,
				96DAD50F23AFAD740019E44E /* Resources */,
			);
			buildRules = (
			);
			dependencies = (
			);
			name = DesignPatern;
			productName = DesignPatern;
			productReference = 96DAD51123AFAD740019E44E /* DesignPatern.app */;
			productType = "com.apple.product-type.application";
		};
/* End PBXNativeTarget section */

/* Begin PBXProject section */
		96DAD50923AFAD740019E44E /* Project object */ = {
			isa = PBXProject;
			attributes = {
				LastUpgradeCheck = 1120;
				ORGANIZATIONNAME = Jason;
				TargetAttributes = {
					96DAD51023AFAD740019E44E = {
						CreatedOnToolsVersion = 11.2.1;
					};
				};
			};
			buildConfigurationList = 96DAD50C23AFAD740019E44E /* Build configuration list for PBXProject "DesignPatern" */;
			compatibilityVersion = "Xcode 9.3";
			developmentRegion = en;
			hasScannedForEncodings = 0;
			knownRegions = (
				en,
				Base,
			);
			mainGroup = 96DAD50823AFAD740019E44E;
			productRefGroup = 96DAD51223AFAD740019E44E /* Products */;
			projectDirPath = "";
			projectRoot = "";
			targets = (
				96DAD51023AFAD740019E44E /* DesignPatern */,
			);
		};
/* End PBXProject section */

/* Begin PBXResourcesBuildPhase section */
		96DAD50F23AFAD740019E44E /* Resources */ = {
			isa = PBXResourcesBuildPhase;
			buildActionMask = 2147483647;
			files = (
				96DAD52423AFAD760019E44E /* LaunchScreen.storyboard in Resources */,
				96DAD52123AFAD760019E44E /* Assets.xcassets in Resources */,
				96DAD51F23AFAD740019E44E /* Main.storyboard in Resources */,
			);
			runOnlyForDeploymentPostprocessing = 0;
		};
/* End PBXResourcesBuildPhase section */

/* Begin PBXSourcesBuildPhase section */
		96DAD50D23AFAD740019E44E /* Sources */ = {
			isa = PBXSourcesBuildPhase;
			buildActionMask = 2147483647;
			files = (
				247008E623B0675C0089CEFD /* Chef.m in Sources */,
				96DAD54A23AFB5E20019E44E /* CocaFactory.m in Sources */,
				96DAD53023AFADC50019E44E /* Cola.m in Sources */,
				247008EF23B08E800089CEFD /* MusicService.m in Sources */,
				96DAD56923AFC27F0019E44E /* Builder.m in Sources */,
				96DAD55D23AFBA390019E44E /* CocaAbstractFactory.m in Sources */,
				96DAD54723AFB5830019E44E /* Factory.m in Sources */,
				96DAD54023AFB20E0019E44E /* CocaCola.m in Sources */,
				247008F223B08F000089CEFD /* FreeMusicService.m in Sources */,
				247008DB23B064510089CEFD /* WebImage.m in Sources */,
				247008E323B067500089CEFD /* Waiter.m in Sources */,
				96DAD56023AFBA8F0019E44E /* PesiAbstactFactory.m in Sources */,
				247008D823B05F140089CEFD /* BlackTea.m in Sources */,
				96DAD56D23AFC74F0019E44E /* Student.m in Sources */,
				96DAD51C23AFAD740019E44E /* ViewController.m in Sources */,
				96DAD54D23AFB6440019E44E /* PesiFactory.m in Sources */,
				96DAD55A23AFB9AD0019E44E /* PesiBottle.m in Sources */,
				247008E023B067410089CEFD /* Customer.m in Sources */,
				96DAD51623AFAD740019E44E /* AppDelegate.m in Sources */,
				96DAD55723AFB99F0019E44E /* CocaBottle.m in Sources */,
				96DAD53A23AFAE490019E44E /* SimpleFactory.m in Sources */,
				96DAD55123AFB97D0019E44E /* AbstractFactory.m in Sources */,
				96DAD54323AFB2360019E44E /* PesiCola.m in Sources */,
				96DAD55423AFB98C0019E44E /* Bottle.m in Sources */,
				96DAD56523AFBD300019E44E /* Singleton.m in Sources */,
				247008F523B08F110089CEFD /* VipMusicService.m in Sources */,
				247008D523B05EC10089CEFD /* Tea.m in Sources */,
				96DAD52723AFAD760019E44E /* main.m in Sources */,
			);
			runOnlyForDeploymentPostprocessing = 0;
		};
/* End PBXSourcesBuildPhase section */

/* Begin PBXVariantGroup section */
		96DAD51D23AFAD740019E44E /* Main.storyboard */ = {
			isa = PBXVariantGroup;
			children = (
				96DAD51E23AFAD740019E44E /* Base */,
			);
			name = Main.storyboard;
			sourceTree = "<group>";
		};
		96DAD52223AFAD760019E44E /* LaunchScreen.storyboard */ = {
			isa = PBXVariantGroup;
			children = (
				96DAD52323AFAD760019E44E /* Base */,
			);
			name = LaunchScreen.storyboard;
			sourceTree = "<group>";
		};
/* End PBXVariantGroup section */

/* Begin XCBuildConfiguration section */
		96DAD52823AFAD760019E44E /* Debug */ = {
			isa = XCBuildConfiguration;
			buildSettings = {
				ALWAYS_SEARCH_USER_PATHS = NO;
				CLANG_ANALYZER_NONNULL = YES;
				CLANG_ANALYZER_NUMBER_OBJECT_CONVERSION = YES_AGGRESSIVE;
				CLANG_CXX_LANGUAGE_STANDARD = "gnu++14";
				CLANG_CXX_LIBRARY = "libc++";
				CLANG_ENABLE_MODULES = YES;
				CLANG_ENABLE_OBJC_ARC = YES;
				CLANG_ENABLE_OBJC_WEAK = YES;
				CLANG_WARN_BLOCK_CAPTURE_AUTORELEASING = YES;
				CLANG_WARN_BOOL_CONVERSION = YES;
				CLANG_WARN_COMMA = YES;
				CLANG_WARN_CONSTANT_CONVERSION = YES;
				CLANG_WARN_DEPRECATED_OBJC_IMPLEMENTATIONS = YES;
				CLANG_WARN_DIRECT_OBJC_ISA_USAGE = YES_ERROR;
				CLANG_WARN_DOCUMENTATION_COMMENTS = YES;
				CLANG_WARN_EMPTY_BODY = YES;
				CLANG_WARN_ENUM_CONVERSION = YES;
				CLANG_WARN_INFINITE_RECURSION = YES;
				CLANG_WARN_INT_CONVERSION = YES;
				CLANG_WARN_NON_LITERAL_NULL_CONVERSION = YES;
				CLANG_WARN_OBJC_IMPLICIT_RETAIN_SELF = YES;
				CLANG_WARN_OBJC_LITERAL_CONVERSION = YES;
				CLANG_WARN_OBJC_ROOT_CLASS = YES_ERROR;
				CLANG_WARN_RANGE_LOOP_ANALYSIS = YES;
				CLANG_WARN_STRICT_PROTOTYPES = YES;
				CLANG_WARN_SUSPICIOUS_MOVE = YES;
				CLANG_WARN_UNGUARDED_AVAILABILITY = YES_AGGRESSIVE;
				CLANG_WARN_UNREACHABLE_CODE = YES;
				CLANG_WARN__DUPLICATE_METHOD_MATCH = YES;
				COPY_PHASE_STRIP = NO;
				DEBUG_INFORMATION_FORMAT = dwarf;
				ENABLE_STRICT_OBJC_MSGSEND = YES;
				ENABLE_TESTABILITY = YES;
				GCC_C_LANGUAGE_STANDARD = gnu11;
				GCC_DYNAMIC_NO_PIC = NO;
				GCC_NO_COMMON_BLOCKS = YES;
				GCC_OPTIMIZATION_LEVEL = 0;
				GCC_PREPROCESSOR_DEFINITIONS = (
					"DEBUG=1",
					"$(inherited)",
				);
				GCC_WARN_64_TO_32_BIT_CONVERSION = YES;
				GCC_WARN_ABOUT_RETURN_TYPE = YES_ERROR;
				GCC_WARN_UNDECLARED_SELECTOR = YES;
				GCC_WARN_UNINITIALIZED_AUTOS = YES_AGGRESSIVE;
				GCC_WARN_UNUSED_FUNCTION = YES;
				GCC_WARN_UNUSED_VARIABLE = YES;
				IPHONEOS_DEPLOYMENT_TARGET = 13.2;
				MTL_ENABLE_DEBUG_INFO = INCLUDE_SOURCE;
				MTL_FAST_MATH = YES;
				ONLY_ACTIVE_ARCH = YES;
				SDKROOT = iphoneos;
			};
			name = Debug;
		};
		96DAD52923AFAD760019E44E /* Release */ = {
			isa = XCBuildConfiguration;
			buildSettings = {
				ALWAYS_SEARCH_USER_PATHS = NO;
				CLANG_ANALYZER_NONNULL = YES;
				CLANG_ANALYZER_NUMBER_OBJECT_CONVERSION = YES_AGGRESSIVE;
				CLANG_CXX_LANGUAGE_STANDARD = "gnu++14";
				CLANG_CXX_LIBRARY = "libc++";
				CLANG_ENABLE_MODULES = YES;
				CLANG_ENABLE_OBJC_ARC = YES;
				CLANG_ENABLE_OBJC_WEAK = YES;
				CLANG_WARN_BLOCK_CAPTURE_AUTORELEASING = YES;
				CLANG_WARN_BOOL_CONVERSION = YES;
				CLANG_WARN_COMMA = YES;
				CLANG_WARN_CONSTANT_CONVERSION = YES;
				CLANG_WARN_DEPRECATED_OBJC_IMPLEMENTATIONS = YES;
				CLANG_WARN_DIRECT_OBJC_ISA_USAGE = YES_ERROR;
				CLANG_WARN_DOCUMENTATION_COMMENTS = YES;
				CLANG_WARN_EMPTY_BODY = YES;
				CLANG_WARN_ENUM_CONVERSION = YES;
				CLANG_WARN_INFINITE_RECURSION = YES;
				CLANG_WARN_INT_CONVERSION = YES;
				CLANG_WARN_NON_LITERAL_NULL_CONVERSION = YES;
				CLANG_WARN_OBJC_IMPLICIT_RETAIN_SELF = YES;
				CLANG_WARN_OBJC_LITERAL_CONVERSION = YES;
				CLANG_WARN_OBJC_ROOT_CLASS = YES_ERROR;
				CLANG_WARN_RANGE_LOOP_ANALYSIS = YES;
				CLANG_WARN_STRICT_PROTOTYPES = YES;
				CLANG_WARN_SUSPICIOUS_MOVE = YES;
				CLANG_WARN_UNGUARDED_AVAILABILITY = YES_AGGRESSIVE;
				CLANG_WARN_UNREACHABLE_CODE = YES;
				CLANG_WARN__DUPLICATE_METHOD_MATCH = YES;
				COPY_PHASE_STRIP = NO;
				DEBUG_INFORMATION_FORMAT = "dwarf-with-dsym";
				ENABLE_NS_ASSERTIONS = NO;
				ENABLE_STRICT_OBJC_MSGSEND = YES;
				GCC_C_LANGUAGE_STANDARD = gnu11;
				GCC_NO_COMMON_BLOCKS = YES;
				GCC_WARN_64_TO_32_BIT_CONVERSION = YES;
				GCC_WARN_ABOUT_RETURN_TYPE = YES_ERROR;
				GCC_WARN_UNDECLARED_SELECTOR = YES;
				GCC_WARN_UNINITIALIZED_AUTOS = YES_AGGRESSIVE;
				GCC_WARN_UNUSED_FUNCTION = YES;
				GCC_WARN_UNUSED_VARIABLE = YES;
				IPHONEOS_DEPLOYMENT_TARGET = 13.2;
				MTL_ENABLE_DEBUG_INFO = NO;
				MTL_FAST_MATH = YES;
				SDKROOT = iphoneos;
				VALIDATE_PRODUCT = YES;
			};
			name = Release;
		};
		96DAD52B23AFAD760019E44E /* Debug */ = {
			isa = XCBuildConfiguration;
			buildSettings = {
				ASSETCATALOG_COMPILER_APPICON_NAME = AppIcon;
				CODE_SIGN_IDENTITY = "iPhone Developer";
				CODE_SIGN_STYLE = Automatic;
				DEVELOPMENT_TEAM = Y4CZPABXLV;
				INFOPLIST_FILE = DesignPatern/Info.plist;
				IPHONEOS_DEPLOYMENT_TARGET = 9.0;
				LD_RUNPATH_SEARCH_PATHS = (
					"$(inherited)",
					"@executable_path/Frameworks",
				);
				PRODUCT_BUNDLE_IDENTIFIER = com.glodon.DesignPatern;
				PRODUCT_NAME = "$(TARGET_NAME)";
				PROVISIONING_PROFILE_SPECIFIER = "";
				TARGETED_DEVICE_FAMILY = "1,2";
			};
			name = Debug;
		};
		96DAD52C23AFAD760019E44E /* Release */ = {
			isa = XCBuildConfiguration;
			buildSettings = {
				ASSETCATALOG_COMPILER_APPICON_NAME = AppIcon;
				CODE_SIGN_IDENTITY = "iPhone Developer";
				CODE_SIGN_STYLE = Automatic;
				DEVELOPMENT_TEAM = Y4CZPABXLV;
				INFOPLIST_FILE = DesignPatern/Info.plist;
				IPHONEOS_DEPLOYMENT_TARGET = 9.0;
				LD_RUNPATH_SEARCH_PATHS = (
					"$(inherited)",
					"@executable_path/Frameworks",
				);
				PRODUCT_BUNDLE_IDENTIFIER = com.glodon.DesignPatern;
				PRODUCT_NAME = "$(TARGET_NAME)";
				PROVISIONING_PROFILE_SPECIFIER = "";
				TARGETED_DEVICE_FAMILY = "1,2";
			};
			name = Release;
		};
/* End XCBuildConfiguration section */

/* Begin XCConfigurationList section */
		96DAD50C23AFAD740019E44E /* Build configuration list for PBXProject "DesignPatern" */ = {
			isa = XCConfigurationList;
			buildConfigurations = (
				96DAD52823AFAD760019E44E /* Debug */,
				96DAD52923AFAD760019E44E /* Release */,
			);
			defaultConfigurationIsVisible = 0;
			defaultConfigurationName = Release;
		};
		96DAD52A23AFAD760019E44E /* Build configuration list for PBXNativeTarget "DesignPatern" */ = {
			isa = XCConfigurationList;
			buildConfigurations = (
				96DAD52B23AFAD760019E44E /* Debug */,
				96DAD52C23AFAD760019E44E /* Release */,
			);
			defaultConfigurationIsVisible = 0;
			defaultConfigurationName = Release;
		};
/* End XCConfigurationList section */
	};
	rootObject = 96DAD50923AFAD740019E44E /* Project object */;
}
